
Microsoft Visual Studio Solution File, Format Version 12.00
# Visual Studio Version 17
VisualStudioVersion = 17.14.36414.22 d17.14
MinimumVisualStudioVersion = 10.0.40219.1
Project("{FAE04EC0-301F-11D3-BF4B-00C04F79EFBC}") = "Server", "Server\Server.csproj", "{83A9229A-7BE8-412F-B53D-49E1057F5DAB}"
EndProject
Global
	GlobalSection(SolutionConfigurationPlatforms) = preSolution
		Debug|Any CPU = Debug|Any CPU
		Release|Any CPU = Release|Any CPU
	EndGlobalSection
	GlobalSection(ProjectConfigurationPlatforms) = postSolution
		{83A9229A-7BE8-412F-B53D-49E1057F5DAB}.Debug|Any CPU.ActiveCfg = Debug|Any CPU
		{83A9229A-7BE8-412F-B53D-49E1057F5DAB}.Debug|Any CPU.Build.0 = Debug|Any CPU
		{83A9229A-7BE8-412F-B53D-49E1057F5DAB}.Release|Any CPU.ActiveCfg = Release|Any CPU
		{83A9229A-7BE8-412F-B53D-49E1057F5DAB}.Release|Any CPU.Build.0 = Release|Any CPU
	EndGlobalSection
	GlobalSection(SolutionProperties) = preSolution
		HideSolutionNode = FALSE
	EndGlobalSection
	GlobalSection(ExtensibilityGlobals) = postSolution
		SolutionGuid = {3126AA5E-16A6-4C5C-81CF-820A93F5BF0D}
	EndGlobalSection
EndGlobal
